
Microsoft Visual Studio Solution File, Format Version 12.00
# Visual Studio Version 17
VisualStudioVersion = 17.14.36518.9 d17.14
MinimumVisualStudioVersion = 10.0.40219.1
Project("{FAE04EC0-301F-11D3-BF4B-00C04F79EFBC}") = "ECinema", "ECinema\ECinema.csproj", "{A97DCC6D-A565-4A95-B176-8F5AE8382316}"
EndProject
Global
	GlobalSection(SolutionConfigurationPlatforms) = preSolution
		Debug|Any CPU = Debug|Any CPU
		Release|Any CPU = Release|Any CPU
	EndGlobalSection
	GlobalSection(ProjectConfigurationPlatforms) = postSolution
		{A97DCC6D-A565-4A95-B176-8F5AE8382316}.Debug|Any CPU.ActiveCfg = Debug|Any CPU
		{A97DCC6D-A565-4A95-B176-8F5AE8382316}.Debug|Any CPU.Build.0 = Debug|Any CPU
		{A97DCC6D-A565-4A95-B176-8F5AE8382316}.Release|Any CPU.ActiveCfg = Release|Any CPU
		{A97DCC6D-A565-4A95-B176-8F5AE8382316}.Release|Any CPU.Build.0 = Release|Any CPU
	EndGlobalSection
	GlobalSection(SolutionProperties) = preSolution
		HideSolutionNode = FALSE
	EndGlobalSection
	GlobalSection(ExtensibilityGlobals) = postSolution
		SolutionGuid = {C526B699-F53B-4115-8DE6-7EFE64DCD482}
	EndGlobalSection
EndGlobal
